// !$*UTF8*$!
{
	archiveVersion = 1;
	classes = {
	};
	objectVersion = 56;
	objects = {

/* Begin PBXBuildFile section */
		6805DDFE2CB3A93B0009D8AB /* AppDelegate.swift in Sources */ = {isa = PBXBuildFile; fileRef = 6805DDFD2CB3A93B0009D8AB /* AppDelegate.swift */; };
		6805DE002CB3A93B0009D8AB /* SceneDelegate.swift in Sources */ = {isa = PBXBuildFile; fileRef = 6805DDFF2CB3A93B0009D8AB /* SceneDelegate.swift */; };
		6805DE022CB3A93B0009D8AB /* ViewController.swift in Sources */ = {isa = PBXBuildFile; fileRef = 6805DE012CB3A93B0009D8AB /* ViewController.swift */; };
		6805DE052CB3A93B0009D8AB /* Base in Resources */ = {isa = PBXBuildFile; fileRef = 6805DE042CB3A93B0009D8AB /* Base */; };
		6805DE072CB3A93D0009D8AB /* Assets.xcassets in Resources */ = {isa = PBXBuildFile; fileRef = 6805DE062CB3A93D0009D8AB /* Assets.xcassets */; };
		6805DE0A2CB3A93D0009D8AB /* Base in Resources */ = {isa = PBXBuildFile; fileRef = 6805DE092CB3A93D0009D8AB /* Base */; };
		6805DE132CB3AA060009D8AB /* StudentTableViewCell.xib in Resources */ = {isa = PBXBuildFile; fileRef = 6805DE122CB3AA060009D8AB /* StudentTableViewCell.xib */; };
		6805DE142CB3AA060009D8AB /* StudentTableViewCell.swift in Sources */ = {isa = PBXBuildFile; fileRef = 6805DE112CB3AA060009D8AB /* StudentTableViewCell.swift */; };
		6805DE182CB3ACB90009D8AB /* Student.swift in Sources */ = {isa = PBXBuildFile; fileRef = 6805DE172CB3ACB90009D8AB /* Student.swift */; };
/* End PBXBuildFile section */

/* Begin PBXFileReference section */
		6805DDFA2CB3A93B0009D8AB /* Aug_24_iOS_Batch_TableViewDemo_MVC.app */ = {isa = PBXFileReference; explicitFileType = wrapper.application; includeInIndex = 0; path = Aug_24_iOS_Batch_TableViewDemo_MVC.app; sourceTree = BUILT_PRODUCTS_DIR; };
		6805DDFD2CB3A93B0009D8AB /* AppDelegate.swift */ = {isa = PBXFileReference; lastKnownFileType = sourcecode.swift; path = AppDelegate.swift; sourceTree = "<group>"; };
		6805DDFF2CB3A93B0009D8AB /* SceneDelegate.swift */ = {isa = PBXFileReference; lastKnownFileType = sourcecode.swift; path = SceneDelegate.swift; sourceTree = "<group>"; };
		6805DE012CB3A93B0009D8AB /* ViewController.swift */ = {isa = PBXFileReference; lastKnownFileType = sourcecode.swift; path = ViewController.swift; sourceTree = "<group>"; };
		6805DE042CB3A93B0009D8AB /* Base */ = {isa = PBXFileReference; lastKnownFileType = file.storyboard; name = Base; path = Base.lproj/Main.storyboard; sourceTree = "<group>"; };
		6805DE062CB3A93D0009D8AB /* Assets.xcassets */ = {isa = PBXFileReference; lastKnownFileType = folder.assetcatalog; path = Assets.xcassets; sourceTree = "<group>"; };
		6805DE092CB3A93D0009D8AB /* Base */ = {isa = PBXFileReference; lastKnownFileType = file.storyboard; name = Base; path = Base.lproj/LaunchScreen.storyboard; sourceTree = "<group>"; };
		6805DE0B2CB3A93D0009D8AB /* Info.plist */ = {isa = PBXFileReference; lastKnownFileType = text.plist.xml; path = Info.plist; sourceTree = "<group>"; };
		6805DE112CB3AA060009D8AB /* StudentTableViewCell.swift */ = {isa = PBXFileReference; lastKnownFileType = sourcecode.swift; path = StudentTableViewCell.swift; sourceTree = "<group>"; };
		6805DE122CB3AA060009D8AB /* StudentTableViewCell.xib */ = {isa = PBXFileReference; lastKnownFileType = file.xib; path = StudentTableViewCell.xib; sourceTree = "<group>"; };
		6805DE172CB3ACB90009D8AB /* Student.swift */ = {isa = PBXFileReference; lastKnownFileType = sourcecode.swift; path = Student.swift; sourceTree = "<group>"; };
/* End PBXFileReference section */

/* Begin PBXFrameworksBuildPhase section */
		6805DDF72CB3A93B0009D8AB /* Frameworks */ = {
			isa = PBXFrameworksBuildPhase;
			buildActionMask = 2147483647;
			files = (
			);
			runOnlyForDeploymentPostprocessing = 0;
		};
/* End PBXFrameworksBuildPhase section */

/* Begin PBXGroup section */
		6805DDF12CB3A93B0009D8AB = {
			isa = PBXGroup;
			children = (
				6805DDFC2CB3A93B0009D8AB /* Aug_24_iOS_Batch_TableViewDemo_MVC */,
				6805DDFB2CB3A93B0009D8AB /* Products */,
			);
			sourceTree = "<group>";
		};
		6805DDFB2CB3A93B0009D8AB /* Products */ = {
			isa = PBXGroup;
			children = (
				6805DDFA2CB3A93B0009D8AB /* Aug_24_iOS_Batch_TableViewDemo_MVC.app */,
			);
			name = Products;
			sourceTree = "<group>";
		};
		6805DDFC2CB3A93B0009D8AB /* Aug_24_iOS_Batch_TableViewDemo_MVC */ = {
			isa = PBXGroup;
			children = (
				6805DDFD2CB3A93B0009D8AB /* AppDelegate.swift */,
				6805DDFF2CB3A93B0009D8AB /* SceneDelegate.swift */,
				6805DE012CB3A93B0009D8AB /* ViewController.swift */,
				6805DE032CB3A93B0009D8AB /* Main.storyboard */,
				6805DE062CB3A93D0009D8AB /* Assets.xcassets */,
				6805DE082CB3A93D0009D8AB /* LaunchScreen.storyboard */,
				6805DE0B2CB3A93D0009D8AB /* Info.plist */,
				6805DE112CB3AA060009D8AB /* StudentTableViewCell.swift */,
				6805DE122CB3AA060009D8AB /* StudentTableViewCell.xib */,
				6805DE172CB3ACB90009D8AB /* Student.swift */,
			);
			path = Aug_24_iOS_Batch_TableViewDemo_MVC;
			sourceTree = "<group>";
		};
/* End PBXGroup section */

/* Begin PBXNativeTarget section */
		6805DDF92CB3A93B0009D8AB /* Aug_24_iOS_Batch_TableViewDemo_MVC */ = {
			isa = PBXNativeTarget;
			buildConfigurationList = 6805DE0E2CB3A93D0009D8AB /* Build configuration list for PBXNativeTarget "Aug_24_iOS_Batch_TableViewDemo_MVC" */;
			buildPhases = (
				6805DDF62CB3A93B0009D8AB /* Sources */,
				6805DDF72CB3A93B0009D8AB /* Frameworks */,
				6805DDF82CB3A93B0009D8AB /* Resources */,
			);
			buildRules = (
			);
			dependencies = (
			);
			name = Aug_24_iOS_Batch_TableViewDemo_MVC;
			productName = Aug_24_iOS_Batch_TableViewDemo_MVC;
			productReference = 6805DDFA2CB3A93B0009D8AB /* Aug_24_iOS_Batch_TableViewDemo_MVC.app */;
			productType = "com.apple.product-type.application";
		};
/* End PBXNativeTarget section */

/* Begin PBXProject section */
		6805DDF22CB3A93B0009D8AB /* Project object */ = {
			isa = PBXProject;
			attributes = {
				BuildIndependentTargetsInParallel = 1;
				LastSwiftUpdateCheck = 1540;
				LastUpgradeCheck = 1540;
				TargetAttributes = {
					6805DDF92CB3A93B0009D8AB = {
						CreatedOnToolsVersion = 15.4;
					};
				};
			};
			buildConfigurationList = 6805DDF52CB3A93B0009D8AB /* Build configuration list for PBXProject "Aug_24_iOS_Batch_TableViewDemo_MVC" */;
			compatibilityVersion = "Xcode 14.0";
			developmentRegion = en;
			hasScannedForEncodings = 0;
			knownRegions = (
				en,
				Base,
			);
			mainGroup = 6805DDF12CB3A93B0009D8AB;
			productRefGroup = 6805DDFB2CB3A93B0009D8AB /* Products */;
			projectDirPath = "";
			projectRoot = "";
			targets = (
				6805DDF92CB3A93B0009D8AB /* Aug_24_iOS_Batch_TableViewDemo_MVC */,
			);
		};
/* End PBXProject section */

/* Begin PBXResourcesBuildPhase section */
		6805DDF82CB3A93B0009D8AB /* Resources */ = {
			isa = PBXResourcesBuildPhase;
			buildActionMask = 2147483647;
			files = (
				6805DE072CB3A93D0009D8AB /* Assets.xcassets in Resources */,
				6805DE0A2CB3A93D0009D8AB /* Base in Resources */,
				6805DE052CB3A93B0009D8AB /* Base in Resources */,
				6805DE132CB3AA060009D8AB /* StudentTableViewCell.xib in Resources */,
			);
			runOnlyForDeploymentPostprocessing = 0;
		};
/* End PBXResourcesBuildPhase section */

/* Begin PBXSourcesBuildPhase section */
		6805DDF62CB3A93B0009D8AB /* Sources */ = {
			isa = PBXSourcesBuildPhase;
			buildActionMask = 2147483647;
			files = (
				6805DE022CB3A93B0009D8AB /* ViewController.swift in Sources */,
				6805DDFE2CB3A93B0009D8AB /* AppDelegate.swift in Sources */,
				6805DE002CB3A93B0009D8AB /* SceneDelegate.swift in Sources */,
				6805DE182CB3ACB90009D8AB /* Student.swift in Sources */,
				6805DE142CB3AA060009D8AB /* StudentTableViewCell.swift in Sources */,
			);
			runOnlyForDeploymentPostprocessing = 0;
		};
/* End PBXSourcesBuildPhase section */

/* Begin PBXVariantGroup section */
		6805DE032CB3A93B0009D8AB /* Main.storyboard */ = {
			isa = PBXVariantGroup;
			children = (
				6805DE042CB3A93B0009D8AB /* Base */,
			);
			name = Main.storyboard;
			sourceTree = "<group>";
		};
		6805DE082CB3A93D0009D8AB /* LaunchScreen.storyboard */ = {
			isa = PBXVariantGroup;
			children = (
				6805DE092CB3A93D0009D8AB /* Base */,
			);
			name = LaunchScreen.storyboard;
			sourceTree = "<group>";
		};
/* End PBXVariantGroup section */

/* Begin XCBuildConfiguration section */
		6805DE0C2CB3A93D0009D8AB /* Debug */ = {
			isa = XCBuildConfiguration;
			buildSettings = {
				ALWAYS_SEARCH_USER_PATHS = NO;
				ASSETCATALOG_COMPILER_GENERATE_SWIFT_ASSET_SYMBOL_EXTENSIONS = YES;
				CLANG_ANALYZER_NONNULL = YES;
				CLANG_ANALYZER_NUMBER_OBJECT_CONVERSION = YES_AGGRESSIVE;
				CLANG_CXX_LANGUAGE_STANDARD = "gnu++20";
				CLANG_ENABLE_MODULES = YES;
				CLANG_ENABLE_OBJC_ARC = YES;
				CLANG_ENABLE_OBJC_WEAK = YES;
				CLANG_WARN_BLOCK_CAPTURE_AUTORELEASING = YES;
				CLANG_WARN_BOOL_CONVERSION = YES;
				CLANG_WARN_COMMA = YES;
				CLANG_WARN_CONSTANT_CONVERSION = YES;
				CLANG_WARN_DEPRECATED_OBJC_IMPLEMENTATIONS = YES;
				CLANG_WARN_DIRECT_OBJC_ISA_USAGE = YES_ERROR;
				CLANG_WARN_DOCUMENTATION_COMMENTS = YES;
				CLANG_WARN_EMPTY_BODY = YES;
				CLANG_WARN_ENUM_CONVERSION = YES;
				CLANG_WARN_INFINITE_RECURSION = YES;
				CLANG_WARN_INT_CONVERSION = YES;
				CLANG_WARN_NON_LITERAL_NULL_CONVERSION = YES;
				CLANG_WARN_OBJC_IMPLICIT_RETAIN_SELF = YES;
				CLANG_WARN_OBJC_LITERAL_CONVERSION = YES;
				CLANG_WARN_OBJC_ROOT_CLASS = YES_ERROR;
				CLANG_WARN_QUOTED_INCLUDE_IN_FRAMEWORK_HEADER = YES;
				CLANG_WARN_RANGE_LOOP_ANALYSIS = YES;
				CLANG_WARN_STRICT_PROTOTYPES = YES;
				CLANG_WARN_SUSPICIOUS_MOVE = YES;
				CLANG_WARN_UNGUARDED_AVAILABILITY = YES_AGGRESSIVE;
				CLANG_WARN_UNREACHABLE_CODE = YES;
				CLANG_WARN__DUPLICATE_METHOD_MATCH = YES;
				COPY_PHASE_STRIP = NO;
				DEBUG_INFORMATION_FORMAT = dwarf;
				ENABLE_STRICT_OBJC_MSGSEND = YES;
				ENABLE_TESTABILITY = YES;
				ENABLE_USER_SCRIPT_SANDBOXING = YES;
				GCC_C_LANGUAGE_STANDARD = gnu17;
				GCC_DYNAMIC_NO_PIC = NO;
				GCC_NO_COMMON_BLOCKS = YES;
				GCC_OPTIMIZATION_LEVEL = 0;
				GCC_PREPROCESSOR_DEFINITIONS = (
					"DEBUG=1",
					"$(inherited)",
				);
				GCC_WARN_64_TO_32_BIT_CONVERSION = YES;
				GCC_WARN_ABOUT_RETURN_TYPE = YES_ERROR;
				GCC_WARN_UNDECLARED_SELECTOR = YES;
				GCC_WARN_UNINITIALIZED_AUTOS = YES_AGGRESSIVE;
				GCC_WARN_UNUSED_FUNCTION = YES;
				GCC_WARN_UNUSED_VARIABLE = YES;
				IPHONEOS_DEPLOYMENT_TARGET = 17.5;
				LOCALIZATION_PREFERS_STRING_CATALOGS = YES;
				MTL_ENABLE_DEBUG_INFO = INCLUDE_SOURCE;
				MTL_FAST_MATH = YES;
				ONLY_ACTIVE_ARCH = YES;
				SDKROOT = iphoneos;
				SWIFT_ACTIVE_COMPILATION_CONDITIONS = "DEBUG $(inherited)";
				SWIFT_OPTIMIZATION_LEVEL = "-Onone";
			};
			name = Debug;
		};
		6805DE0D2CB3A93D0009D8AB /* Release */ = {
			isa = XCBuildConfiguration;
			buildSettings = {
				ALWAYS_SEARCH_USER_PATHS = NO;
				ASSETCATALOG_COMPILER_GENERATE_SWIFT_ASSET_SYMBOL_EXTENSIONS = YES;
				CLANG_ANALYZER_NONNULL = YES;
				CLANG_ANALYZER_NUMBER_OBJECT_CONVERSION = YES_AGGRESSIVE;
				CLANG_CXX_LANGUAGE_STANDARD = "gnu++20";
				CLANG_ENABLE_MODULES = YES;
				CLANG_ENABLE_OBJC_ARC = YES;
				CLANG_ENABLE_OBJC_WEAK = YES;
				CLANG_WARN_BLOCK_CAPTURE_AUTORELEASING = YES;
				CLANG_WARN_BOOL_CONVERSION = YES;
				CLANG_WARN_COMMA = YES;
				CLANG_WARN_CONSTANT_CONVERSION = YES;
				CLANG_WARN_DEPRECATED_OBJC_IMPLEMENTATIONS = YES;
				CLANG_WARN_DIRECT_OBJC_ISA_USAGE = YES_ERROR;
				CLANG_WARN_DOCUMENTATION_COMMENTS = YES;
				CLANG_WARN_EMPTY_BODY = YES;
				CLANG_WARN_ENUM_CONVERSION = YES;
				CLANG_WARN_INFINITE_RECURSION = YES;
				CLANG_WARN_INT_CONVERSION = YES;
				CLANG_WARN_NON_LITERAL_NULL_CONVERSION = YES;
				CLANG_WARN_OBJC_IMPLICIT_RETAIN_SELF = YES;
				CLANG_WARN_OBJC_LITERAL_CONVERSION = YES;
				CLANG_WARN_OBJC_ROOT_CLASS = YES_ERROR;
				CLANG_WARN_QUOTED_INCLUDE_IN_FRAMEWORK_HEADER = YES;
				CLANG_WARN_RANGE_LOOP_ANALYSIS = YES;
				CLANG_WARN_STRICT_PROTOTYPES = YES;
				CLANG_WARN_SUSPICIOUS_MOVE = YES;
				CLANG_WARN_UNGUARDED_AVAILABILITY = YES_AGGRESSIVE;
				CLANG_WARN_UNREACHABLE_CODE = YES;
				CLANG_WARN__DUPLICATE_METHOD_MATCH = YES;
				COPY_PHASE_STRIP = NO;
				DEBUG_INFORMATION_FORMAT = "dwarf-with-dsym";
				ENABLE_NS_ASSERTIONS = NO;
				ENABLE_STRICT_OBJC_MSGSEND = YES;
				ENABLE_USER_SCRIPT_SANDBOXING = YES;
				GCC_C_LANGUAGE_STANDARD = gnu17;
				GCC_NO_COMMON_BLOCKS = YES;
				GCC_WARN_64_TO_32_BIT_CONVERSION = YES;
				GCC_WARN_ABOUT_RETURN_TYPE = YES_ERROR;
				GCC_WARN_UNDECLARED_SELECTOR = YES;
				GCC_WARN_UNINITIALIZED_AUTOS = YES_AGGRESSIVE;
				GCC_WARN_UNUSED_FUNCTION = YES;
				GCC_WARN_UNUSED_VARIABLE = YES;
				IPHONEOS_DEPLOYMENT_TARGET = 17.5;
				LOCALIZATION_PREFERS_STRING_CATALOGS = YES;
				MTL_ENABLE_DEBUG_INFO = NO;
				MTL_FAST_MATH = YES;
				SDKROOT = iphoneos;
				SWIFT_COMPILATION_MODE = wholemodule;
				VALIDATE_PRODUCT = YES;
			};
			name = Release;
		};
		6805DE0F2CB3A93D0009D8AB /* Debug */ = {
			isa = XCBuildConfiguration;
			buildSettings = {
				ASSETCATALOG_COMPILER_APPICON_NAME = AppIcon;
				ASSETCATALOG_COMPILER_GLOBAL_ACCENT_COLOR_NAME = AccentColor;
				CODE_SIGN_STYLE = Automatic;
				CURRENT_PROJECT_VERSION = 1;
				DEVELOPMENT_TEAM = W669X37752;
				GENERATE_INFOPLIST_FILE = YES;
				INFOPLIST_FILE = Aug_24_iOS_Batch_TableViewDemo_MVC/Info.plist;
				INFOPLIST_KEY_UIApplicationSupportsIndirectInputEvents = YES;
				INFOPLIST_KEY_UILaunchStoryboardName = LaunchScreen;
				INFOPLIST_KEY_UIMainStoryboardFile = Main;
				INFOPLIST_KEY_UISupportedInterfaceOrientations_iPad = "UIInterfaceOrientationPortrait UIInterfaceOrientationPortraitUpsideDown UIInterfaceOrientationLandscapeLeft UIInterfaceOrientationLandscapeRight";
				INFOPLIST_KEY_UISupportedInterfaceOrientations_iPhone = "UIInterfaceOrientationPortrait UIInterfaceOrientationLandscapeLeft UIInterfaceOrientationLandscapeRight";
				LD_RUNPATH_SEARCH_PATHS = (
					"$(inherited)",
					"@executable_path/Frameworks",
				);
				MARKETING_VERSION = 1.0;
				PRODUCT_BUNDLE_IDENTIFIER = "in.bitcode.Aug-24-iOS-Batch-TableViewDemo-MVC";
				PRODUCT_NAME = "$(TARGET_NAME)";
				SWIFT_EMIT_LOC_STRINGS = YES;
				SWIFT_VERSION = 5.0;
				TARGETED_DEVICE_FAMILY = "1,2";
			};
			name = Debug;
		};
		6805DE102CB3A93D0009D8AB /* Release */ = {
			isa = XCBuildConfiguration;
			buildSettings = {
				ASSETCATALOG_COMPILER_APPICON_NAME = AppIcon;
				ASSETCATALOG_COMPILER_GLOBAL_ACCENT_COLOR_NAME = AccentColor;
				CODE_SIGN_STYLE = Automatic;
				CURRENT_PROJECT_VERSION = 1;
				DEVELOPMENT_TEAM = W669X37752;
				GENERATE_INFOPLIST_FILE = YES;
				INFOPLIST_FILE = Aug_24_iOS_Batch_TableViewDemo_MVC/Info.plist;
				INFOPLIST_KEY_UIApplicationSupportsIndirectInputEvents = YES;
				INFOPLIST_KEY_UILaunchStoryboardName = LaunchScreen;
				INFOPLIST_KEY_UIMainStoryboardFile = Main;
				INFOPLIST_KEY_UISupportedInterfaceOrientations_iPad = "UIInterfaceOrientationPortrait UIInterfaceOrientationPortraitUpsideDown UIInterfaceOrientationLandscapeLeft UIInterfaceOrientationLandscapeRight";
				INFOPLIST_KEY_UISupportedInterfaceOrientations_iPhone = "UIInterfaceOrientationPortrait UIInterfaceOrientationLandscapeLeft UIInterfaceOrientationLandscapeRight";
				LD_RUNPATH_SEARCH_PATHS = (
					"$(inherited)",
					"@executable_path/Frameworks",
				);
				MARKETING_VERSION = 1.0;
				PRODUCT_BUNDLE_IDENTIFIER = "in.bitcode.Aug-24-iOS-Batch-TableViewDemo-MVC";
				PRODUCT_NAME = "$(TARGET_NAME)";
				SWIFT_EMIT_LOC_STRINGS = YES;
				SWIFT_VERSION = 5.0;
				TARGETED_DEVICE_FAMILY = "1,2";
			};
			name = Release;
		};
/* End XCBuildConfiguration section */

/* Begin XCConfigurationList section */
		6805DDF52CB3A93B0009D8AB /* Build configuration list for PBXProject "Aug_24_iOS_Batch_TableViewDemo_MVC" */ = {
			isa = XCConfigurationList;
			buildConfigurations = (
				6805DE0C2CB3A93D0009D8AB /* Debug */,
				6805DE0D2CB3A93D0009D8AB /* Release */,
			);
			defaultConfigurationIsVisible = 0;
			defaultConfigurationName = Release;
		};
		6805DE0E2CB3A93D0009D8AB /* Build configuration list for PBXNativeTarget "Aug_24_iOS_Batch_TableViewDemo_MVC" */ = {
			isa = XCConfigurationList;
			buildConfigurations = (
				6805DE0F2CB3A93D0009D8AB /* Debug */,
				6805DE102CB3A93D0009D8AB /* Release */,
			);
			defaultConfigurationIsVisible = 0;
			defaultConfigurationName = Release;
		};
/* End XCConfigurationList section */
	};
	rootObject = 6805DDF22CB3A93B0009D8AB /* Project object */;
}
